
Microsoft Visual Studio Solution File, Format Version 12.00
# Visual Studio Version 16
VisualStudioVersion = 16.0.31729.503
MinimumVisualStudioVersion = 10.0.40219.1
Project("{FAE04EC0-301F-11D3-BF4B-00C04F79EFBC}") = "Pelipenko220", "Pelipenko220\Pelipenko220.csproj", "{C38CC9BC-4A1B-4C67-98C3-855EF1A761CB}"
EndProject
Global
	GlobalSection(SolutionConfigurationPlatforms) = preSolution
		Debug|Any CPU = Debug|Any CPU
		Release|Any CPU = Release|Any CPU
	EndGlobalSection
	GlobalSection(ProjectConfigurationPlatforms) = postSolution
		{C38CC9BC-4A1B-4C67-98C3-855EF1A761CB}.Debug|Any CPU.ActiveCfg = Debug|Any CPU
		{C38CC9BC-4A1B-4C67-98C3-855EF1A761CB}.Debug|Any CPU.Build.0 = Debug|Any CPU
		{C38CC9BC-4A1B-4C67-98C3-855EF1A761CB}.Release|Any CPU.ActiveCfg = Release|Any CPU
		{C38CC9BC-4A1B-4C67-98C3-855EF1A761CB}.Release|Any CPU.Build.0 = Release|Any CPU
	EndGlobalSection
	GlobalSection(SolutionProperties) = preSolution
		HideSolutionNode = FALSE
	EndGlobalSection
	GlobalSection(ExtensibilityGlobals) = postSolution
		SolutionGuid = {8DC92479-8ACD-430F-9210-C660B1D1F85B}
	EndGlobalSection
EndGlobal
